
Microsoft Visual Studio Solution File, Format Version 12.00
# Visual Studio Version 17
VisualStudioVersion = 17.13.35825.156 d17.13
MinimumVisualStudioVersion = 10.0.40219.1
Project("{FAE04EC0-301F-11D3-BF4B-00C04F79EFBC}") = "Ejercicio 6", "Ejercicio 6.csproj", "{1F2AD1AF-2EC0-4A14-B0A9-A8066BF1F8A3}"
EndProject
Global
	GlobalSection(SolutionConfigurationPlatforms) = preSolution
		Debug|Any CPU = Debug|Any CPU
		Release|Any CPU = Release|Any CPU
	EndGlobalSection
	GlobalSection(ProjectConfigurationPlatforms) = postSolution
		{1F2AD1AF-2EC0-4A14-B0A9-A8066BF1F8A3}.Debug|Any CPU.ActiveCfg = Debug|Any CPU
		{1F2AD1AF-2EC0-4A14-B0A9-A8066BF1F8A3}.Debug|Any CPU.Build.0 = Debug|Any CPU
		{1F2AD1AF-2EC0-4A14-B0A9-A8066BF1F8A3}.Release|Any CPU.ActiveCfg = Release|Any CPU
		{1F2AD1AF-2EC0-4A14-B0A9-A8066BF1F8A3}.Release|Any CPU.Build.0 = Release|Any CPU
	EndGlobalSection
	GlobalSection(SolutionProperties) = preSolution
		HideSolutionNode = FALSE
	EndGlobalSection
	GlobalSection(ExtensibilityGlobals) = postSolution
		SolutionGuid = {30AFC5CA-C0F0-409A-9209-C0E5A981F713}
	EndGlobalSection
EndGlobal
